
Microsoft Visual Studio Solution File, Format Version 12.00
# Visual Studio Version 17
VisualStudioVersion = 17.2.32616.157
MinimumVisualStudioVersion = 10.0.40219.1
Project("{FAE04EC0-301F-11D3-BF4B-00C04F79EFBC}") = "Homework7", "Homework7.csproj", "{9E32FF21-331A-45F7-967B-3E01983A3DF6}"
EndProject
Global
	GlobalSection(SolutionConfigurationPlatforms) = preSolution
		Debug|Any CPU = Debug|Any CPU
		Release|Any CPU = Release|Any CPU
	EndGlobalSection
	GlobalSection(ProjectConfigurationPlatforms) = postSolution
		{9E32FF21-331A-45F7-967B-3E01983A3DF6}.Debug|Any CPU.ActiveCfg = Debug|Any CPU
		{9E32FF21-331A-45F7-967B-3E01983A3DF6}.Debug|Any CPU.Build.0 = Debug|Any CPU
		{9E32FF21-331A-45F7-967B-3E01983A3DF6}.Release|Any CPU.ActiveCfg = Release|Any CPU
		{9E32FF21-331A-45F7-967B-3E01983A3DF6}.Release|Any CPU.Build.0 = Release|Any CPU
	EndGlobalSection
	GlobalSection(SolutionProperties) = preSolution
		HideSolutionNode = FALSE
	EndGlobalSection
	GlobalSection(ExtensibilityGlobals) = postSolution
		SolutionGuid = {773E39F2-818F-40C6-82E9-DC249840A18C}
	EndGlobalSection
EndGlobal
